
Microsoft Visual Studio Solution File, Format Version 12.00
# Visual Studio Version 17
VisualStudioVersion = 17.5.33516.290
MinimumVisualStudioVersion = 10.0.40219.1
Project("{8BC9CEB8-8B4A-11D0-8D11-00A0C91BC942}") = "kalkylyator", "kalkylyator\kalkylyator.vcxproj", "{AB516C94-4FCB-4A56-B531-8DF15C8BEF03}"
EndProject
Global
	GlobalSection(SolutionConfigurationPlatforms) = preSolution
		Debug|x64 = Debug|x64
		Debug|x86 = Debug|x86
		Release|x64 = Release|x64
		Release|x86 = Release|x86
	EndGlobalSection
	GlobalSection(ProjectConfigurationPlatforms) = postSolution
		{AB516C94-4FCB-4A56-B531-8DF15C8BEF03}.Debug|x64.ActiveCfg = Debug|x64
		{AB516C94-4FCB-4A56-B531-8DF15C8BEF03}.Debug|x64.Build.0 = Debug|x64
		{AB516C94-4FCB-4A56-B531-8DF15C8BEF03}.Debug|x86.ActiveCfg = Debug|Win32
		{AB516C94-4FCB-4A56-B531-8DF15C8BEF03}.Debug|x86.Build.0 = Debug|Win32
		{AB516C94-4FCB-4A56-B531-8DF15C8BEF03}.Release|x64.ActiveCfg = Release|x64
		{AB516C94-4FCB-4A56-B531-8DF15C8BEF03}.Release|x64.Build.0 = Release|x64
		{AB516C94-4FCB-4A56-B531-8DF15C8BEF03}.Release|x86.ActiveCfg = Release|Win32
		{AB516C94-4FCB-4A56-B531-8DF15C8BEF03}.Release|x86.Build.0 = Release|Win32
	EndGlobalSection
	GlobalSection(SolutionProperties) = preSolution
		HideSolutionNode = FALSE
	EndGlobalSection
	GlobalSection(ExtensibilityGlobals) = postSolution
		SolutionGuid = {8F2D5E70-BD88-4D97-89CA-2746094EDD7E}
	EndGlobalSection
EndGlobal
